
Microsoft Visual Studio Solution File, Format Version 12.00
# Visual Studio 15
VisualStudioVersion = 15.0.26228.4
MinimumVisualStudioVersion = 10.0.40219.1
Project("{2150E333-8FDC-42A3-9474-1A3956D46DE8}") = "Lib", "Lib", "{0A3831CB-6067-4B1F-9279-ABE20F57CAE6}"
EndProject
Project("{2150E333-8FDC-42A3-9474-1A3956D46DE8}") = "Tests", "Tests", "{1894FCE2-8451-4285-86E0-596123C3785C}"
EndProject
Project("{9A19103F-16F7-4668-BE54-9A1E7A4F7556}") = "MongoRepository2", "lib\MongoRepository2\MongoRepository2.csproj", "{5E642407-9A9A-44E7-9CE3-E0EABCEF9E1D}"
EndProject
Project("{9A19103F-16F7-4668-BE54-9A1E7A4F7556}") = "MongoRepository2.Tests", "tests\MongoRepository2.Tests\MongoRepository2.Tests.csproj", "{E1BE293F-DB7D-434E-B118-C53585C4845C}"
EndProject
Project("{2150E333-8FDC-42A3-9474-1A3956D46DE8}") = "CLI", "CLI", "{923E8517-FADA-4FA2-B945-B72A004A9B6F}"
EndProject
Global
	GlobalSection(SolutionConfigurationPlatforms) = preSolution
		Debug|Any CPU = Debug|Any CPU
		Debug|x64 = Debug|x64
		Debug|x86 = Debug|x86
		Release|Any CPU = Release|Any CPU
		Release|x64 = Release|x64
		Release|x86 = Release|x86
	EndGlobalSection
	GlobalSection(ProjectConfigurationPlatforms) = postSolution
		{5E642407-9A9A-44E7-9CE3-E0EABCEF9E1D}.Debug|Any CPU.ActiveCfg = Debug|Any CPU
		{5E642407-9A9A-44E7-9CE3-E0EABCEF9E1D}.Debug|Any CPU.Build.0 = Debug|Any CPU
		{5E642407-9A9A-44E7-9CE3-E0EABCEF9E1D}.Debug|x64.ActiveCfg = Debug|x64
		{5E642407-9A9A-44E7-9CE3-E0EABCEF9E1D}.Debug|x64.Build.0 = Debug|x64
		{5E642407-9A9A-44E7-9CE3-E0EABCEF9E1D}.Debug|x86.ActiveCfg = Debug|Any CPU
		{5E642407-9A9A-44E7-9CE3-E0EABCEF9E1D}.Debug|x86.Build.0 = Debug|Any CPU
		{5E642407-9A9A-44E7-9CE3-E0EABCEF9E1D}.Release|Any CPU.ActiveCfg = Release|Any CPU
		{5E642407-9A9A-44E7-9CE3-E0EABCEF9E1D}.Release|Any CPU.Build.0 = Release|Any CPU
		{5E642407-9A9A-44E7-9CE3-E0EABCEF9E1D}.Release|x64.ActiveCfg = Release|x64
		{5E642407-9A9A-44E7-9CE3-E0EABCEF9E1D}.Release|x64.Build.0 = Release|x64
		{5E642407-9A9A-44E7-9CE3-E0EABCEF9E1D}.Release|x86.ActiveCfg = Release|Any CPU
		{5E642407-9A9A-44E7-9CE3-E0EABCEF9E1D}.Release|x86.Build.0 = Release|Any CPU
		{E1BE293F-DB7D-434E-B118-C53585C4845C}.Debug|Any CPU.ActiveCfg = Debug|Any CPU
		{E1BE293F-DB7D-434E-B118-C53585C4845C}.Debug|Any CPU.Build.0 = Debug|Any CPU
		{E1BE293F-DB7D-434E-B118-C53585C4845C}.Debug|x64.ActiveCfg = Debug|x64
		{E1BE293F-DB7D-434E-B118-C53585C4845C}.Debug|x64.Build.0 = Debug|x64
		{E1BE293F-DB7D-434E-B118-C53585C4845C}.Debug|x86.ActiveCfg = Debug|x86
		{E1BE293F-DB7D-434E-B118-C53585C4845C}.Debug|x86.Build.0 = Debug|x86
		{E1BE293F-DB7D-434E-B118-C53585C4845C}.Release|Any CPU.ActiveCfg = Release|Any CPU
		{E1BE293F-DB7D-434E-B118-C53585C4845C}.Release|Any CPU.Build.0 = Release|Any CPU
		{E1BE293F-DB7D-434E-B118-C53585C4845C}.Release|x64.ActiveCfg = Release|x64
		{E1BE293F-DB7D-434E-B118-C53585C4845C}.Release|x64.Build.0 = Release|x64
		{E1BE293F-DB7D-434E-B118-C53585C4845C}.Release|x86.ActiveCfg = Release|x86
		{E1BE293F-DB7D-434E-B118-C53585C4845C}.Release|x86.Build.0 = Release|x86
	EndGlobalSection
	GlobalSection(SolutionProperties) = preSolution
		HideSolutionNode = FALSE
	EndGlobalSection
	GlobalSection(NestedProjects) = preSolution
		{5E642407-9A9A-44E7-9CE3-E0EABCEF9E1D} = {0A3831CB-6067-4B1F-9279-ABE20F57CAE6}
		{E1BE293F-DB7D-434E-B118-C53585C4845C} = {1894FCE2-8451-4285-86E0-596123C3785C}
	EndGlobalSection
EndGlobal
